// !$*UTF8*$!
{
	archiveVersion = 1;
	classes = {
	};
	objectVersion = 46;
	objects = {

/* Begin PBXBuildFile section */
		C2104A421A595B16001ACE90 /* main.m in Sources */ = {isa = PBXBuildFile; fileRef = C2104A411A595B16001ACE90 /* main.m */; };
		C2104A451A595B16001ACE90 /* AppDelegate.m in Sources */ = {isa = PBXBuildFile; fileRef = C2104A441A595B16001ACE90 /* AppDelegate.m */; };
		C2104A481A595B16001ACE90 /* ViewController.m in Sources */ = {isa = PBXBuildFile; fileRef = C2104A471A595B16001ACE90 /* ViewController.m */; };
		C2104A4B1A595B16001ACE90 /* Main.storyboard in Resources */ = {isa = PBXBuildFile; fileRef = C2104A491A595B16001ACE90 /* Main.storyboard */; };
		C2104A4D1A595B16001ACE90 /* Images.xcassets in Resources */ = {isa = PBXBuildFile; fileRef = C2104A4C1A595B16001ACE90 /* Images.xcassets */; };
		C2104A501A595B16001ACE90 /* LaunchScreen.xib in Resources */ = {isa = PBXBuildFile; fileRef = C2104A4E1A595B16001ACE90 /* LaunchScreen.xib */; };
		C2104A5C1A595B16001ACE90 /* KickstartTests.m in Sources */ = {isa = PBXBuildFile; fileRef = C2104A5B1A595B16001ACE90 /* KickstartTests.m */; };
/* End PBXBuildFile section */

/* Begin PBXContainerItemProxy section */
		C2104A561A595B16001ACE90 /* PBXContainerItemProxy */ = {
			isa = PBXContainerItemProxy;
			containerPortal = C2104A341A595B16001ACE90 /* Project object */;
			proxyType = 1;
			remoteGlobalIDString = C2104A3B1A595B16001ACE90;
			remoteInfo = Kickstart;
		};
/* End PBXContainerItemProxy section */

/* Begin PBXFileReference section */
		C2104A3C1A595B16001ACE90 /* Kickstart.app */ = {isa = PBXFileReference; explicitFileType = wrapper.application; includeInIndex = 0; path = Kickstart.app; sourceTree = BUILT_PRODUCTS_DIR; };
		C2104A401A595B16001ACE90 /* Info.plist */ = {isa = PBXFileReference; lastKnownFileType = text.plist.xml; path = Info.plist; sourceTree = "<group>"; };
		C2104A411A595B16001ACE90 /* main.m */ = {isa = PBXFileReference; lastKnownFileType = sourcecode.c.objc; path = main.m; sourceTree = "<group>"; };
		C2104A431A595B16001ACE90 /* AppDelegate.h */ = {isa = PBXFileReference; lastKnownFileType = sourcecode.c.h; path = AppDelegate.h; sourceTree = "<group>"; };
		C2104A441A595B16001ACE90 /* AppDelegate.m */ = {isa = PBXFileReference; lastKnownFileType = sourcecode.c.objc; path = AppDelegate.m; sourceTree = "<group>"; };
		C2104A461A595B16001ACE90 /* ViewController.h */ = {isa = PBXFileReference; lastKnownFileType = sourcecode.c.h; path = ViewController.h; sourceTree = "<group>"; };
		C2104A471A595B16001ACE90 /* ViewController.m */ = {isa = PBXFileReference; lastKnownFileType = sourcecode.c.objc; path = ViewController.m; sourceTree = "<group>"; };
		C2104A4A1A595B16001ACE90 /* Base */ = {isa = PBXFileReference; lastKnownFileType = file.storyboard; name = Base; path = Base.lproj/Main.storyboard; sourceTree = "<group>"; };
		C2104A4C1A595B16001ACE90 /* Images.xcassets */ = {isa = PBXFileReference; lastKnownFileType = folder.assetcatalog; path = Images.xcassets; sourceTree = "<group>"; };
		C2104A4F1A595B16001ACE90 /* Base */ = {isa = PBXFileReference; lastKnownFileType = file.xib; name = Base; path = Base.lproj/LaunchScreen.xib; sourceTree = "<group>"; };
		C2104A551A595B16001ACE90 /* KickstartTests.xctest */ = {isa = PBXFileReference; explicitFileType = wrapper.cfbundle; includeInIndex = 0; path = KickstartTests.xctest; sourceTree = BUILT_PRODUCTS_DIR; };
		C2104A5A1A595B16001ACE90 /* Info.plist */ = {isa = PBXFileReference; lastKnownFileType = text.plist.xml; path = Info.plist; sourceTree = "<group>"; };
		C2104A5B1A595B16001ACE90 /* KickstartTests.m */ = {isa = PBXFileReference; lastKnownFileType = sourcecode.c.objc; path = KickstartTests.m; sourceTree = "<group>"; };
/* End PBXFileReference section */

/* Begin PBXFrameworksBuildPhase section */
		C2104A391A595B16001ACE90 /* Frameworks */ = {
			isa = PBXFrameworksBuildPhase;
			buildActionMask = 2147483647;
			files = (
			);
			runOnlyForDeploymentPostprocessing = 0;
		};
		C2104A521A595B16001ACE90 /* Frameworks */ = {
			isa = PBXFrameworksBuildPhase;
			buildActionMask = 2147483647;
			files = (
			);
			runOnlyForDeploymentPostprocessing = 0;
		};
/* End PBXFrameworksBuildPhase section */

/* Begin PBXGroup section */
		C2104A331A595B16001ACE90 = {
			isa = PBXGroup;
			children = (
				C2104A3E1A595B16001ACE90 /* Kickstart */,
				C2104A581A595B16001ACE90 /* KickstartTests */,
				C2104A3D1A595B16001ACE90 /* Products */,
			);
			sourceTree = "<group>";
		};
		C2104A3D1A595B16001ACE90 /* Products */ = {
			isa = PBXGroup;
			children = (
				C2104A3C1A595B16001ACE90 /* Kickstart.app */,
				C2104A551A595B16001ACE90 /* KickstartTests.xctest */,
			);
			name = Products;
			sourceTree = "<group>";
		};
		C2104A3E1A595B16001ACE90 /* Kickstart */ = {
			isa = PBXGroup;
			children = (
				C2104A431A595B16001ACE90 /* AppDelegate.h */,
				C2104A441A595B16001ACE90 /* AppDelegate.m */,
				C2104A461A595B16001ACE90 /* ViewController.h */,
				C2104A471A595B16001ACE90 /* ViewController.m */,
				C2104A491A595B16001ACE90 /* Main.storyboard */,
				C2104A4C1A595B16001ACE90 /* Images.xcassets */,
				C2104A4E1A595B16001ACE90 /* LaunchScreen.xib */,
				C2104A3F1A595B16001ACE90 /* Supporting Files */,
			);
			path = Kickstart;
			sourceTree = "<group>";
		};
		C2104A3F1A595B16001ACE90 /* Supporting Files */ = {
			isa = PBXGroup;
			children = (
				C2104A401A595B16001ACE90 /* Info.plist */,
				C2104A411A595B16001ACE90 /* main.m */,
			);
			name = "Supporting Files";
			sourceTree = "<group>";
		};
		C2104A581A595B16001ACE90 /* KickstartTests */ = {
			isa = PBXGroup;
			children = (
				C2104A5B1A595B16001ACE90 /* KickstartTests.m */,
				C2104A591A595B16001ACE90 /* Supporting Files */,
			);
			path = KickstartTests;
			sourceTree = "<group>";
		};
		C2104A591A595B16001ACE90 /* Supporting Files */ = {
			isa = PBXGroup;
			children = (
				C2104A5A1A595B16001ACE90 /* Info.plist */,
			);
			name = "Supporting Files";
			sourceTree = "<group>";
		};
/* End PBXGroup section */

/* Begin PBXNativeTarget section */
		C2104A3B1A595B16001ACE90 /* Kickstart */ = {
			isa = PBXNativeTarget;
			buildConfigurationList = C2104A5F1A595B16001ACE90 /* Build configuration list for PBXNativeTarget "Kickstart" */;
			buildPhases = (
				C2104A381A595B16001ACE90 /* Sources */,
				C2104A391A595B16001ACE90 /* Frameworks */,
				C2104A3A1A595B16001ACE90 /* Resources */,
			);
			buildRules = (
			);
			dependencies = (
			);
			name = Kickstart;
			productName = Kickstart;
			productReference = C2104A3C1A595B16001ACE90 /* Kickstart.app */;
			productType = "com.apple.product-type.application";
		};
		C2104A541A595B16001ACE90 /* KickstartTests */ = {
			isa = PBXNativeTarget;
			buildConfigurationList = C2104A621A595B16001ACE90 /* Build configuration list for PBXNativeTarget "KickstartTests" */;
			buildPhases = (
				C2104A511A595B16001ACE90 /* Sources */,
				C2104A521A595B16001ACE90 /* Frameworks */,
				C2104A531A595B16001ACE90 /* Resources */,
			);
			buildRules = (
			);
			dependencies = (
				C2104A571A595B16001ACE90 /* PBXTargetDependency */,
			);
			name = KickstartTests;
			productName = KickstartTests;
			productReference = C2104A551A595B16001ACE90 /* KickstartTests.xctest */;
			productType = "com.apple.product-type.bundle.unit-test";
		};
/* End PBXNativeTarget section */

/* Begin PBXProject section */
		C2104A341A595B16001ACE90 /* Project object */ = {
			isa = PBXProject;
			attributes = {
				LastUpgradeCheck = 0610;
				ORGANIZATIONNAME = tinytitan;
				TargetAttributes = {
					C2104A3B1A595B16001ACE90 = {
						CreatedOnToolsVersion = 6.1.1;
					};
					C2104A541A595B16001ACE90 = {
						CreatedOnToolsVersion = 6.1.1;
						TestTargetID = C2104A3B1A595B16001ACE90;
					};
				};
			};
			buildConfigurationList = C2104A371A595B16001ACE90 /* Build configuration list for PBXProject "Kickstart" */;
			compatibilityVersion = "Xcode 3.2";
			developmentRegion = English;
			hasScannedForEncodings = 0;
			knownRegions = (
				en,
				Base,
			);
			mainGroup = C2104A331A595B16001ACE90;
			productRefGroup = C2104A3D1A595B16001ACE90 /* Products */;
			projectDirPath = "";
			projectRoot = "";
			targets = (
				C2104A3B1A595B16001ACE90 /* Kickstart */,
				C2104A541A595B16001ACE90 /* KickstartTests */,
			);
		};
/* End PBXProject section */

/* Begin PBXResourcesBuildPhase section */
		C2104A3A1A595B16001ACE90 /* Resources */ = {
			isa = PBXResourcesBuildPhase;
			buildActionMask = 2147483647;
			files = (
				C2104A4B1A595B16001ACE90 /* Main.storyboard in Resources */,
				C2104A501A595B16001ACE90 /* LaunchScreen.xib in Resources */,
				C2104A4D1A595B16001ACE90 /* Images.xcassets in Resources */,
			);
			runOnlyForDeploymentPostprocessing = 0;
		};
		C2104A531A595B16001ACE90 /* Resources */ = {
			isa = PBXResourcesBuildPhase;
			buildActionMask = 2147483647;
			files = (
			);
			runOnlyForDeploymentPostprocessing = 0;
		};
/* End PBXResourcesBuildPhase section */

/* Begin PBXSourcesBuildPhase section */
		C2104A381A595B16001ACE90 /* Sources */ = {
			isa = PBXSourcesBuildPhase;
			buildActionMask = 2147483647;
			files = (
				C2104A481A595B16001ACE90 /* ViewController.m in Sources */,
				C2104A451A595B16001ACE90 /* AppDelegate.m in Sources */,
				C2104A421A595B16001ACE90 /* main.m in Sources */,
			);
			runOnlyForDeploymentPostprocessing = 0;
		};
		C2104A511A595B16001ACE90 /* Sources */ = {
			isa = PBXSourcesBuildPhase;
			buildActionMask = 2147483647;
			files = (
				C2104A5C1A595B16001ACE90 /* KickstartTests.m in Sources */,
			);
			runOnlyForDeploymentPostprocessing = 0;
		};
/* End PBXSourcesBuildPhase section */

/* Begin PBXTargetDependency section */
		C2104A571A595B16001ACE90 /* PBXTargetDependency */ = {
			isa = PBXTargetDependency;
			target = C2104A3B1A595B16001ACE90 /* Kickstart */;
			targetProxy = C2104A561A595B16001ACE90 /* PBXContainerItemProxy */;
		};
/* End PBXTargetDependency section */

/* Begin PBXVariantGroup section */
		C2104A491A595B16001ACE90 /* Main.storyboard */ = {
			isa = PBXVariantGroup;
			children = (
				C2104A4A1A595B16001ACE90 /* Base */,
			);
			name = Main.storyboard;
			sourceTree = "<group>";
		};
		C2104A4E1A595B16001ACE90 /* LaunchScreen.xib */ = {
			isa = PBXVariantGroup;
			children = (
				C2104A4F1A595B16001ACE90 /* Base */,
			);
			name = LaunchScreen.xib;
			sourceTree = "<group>";
		};
/* End PBXVariantGroup section */

/* Begin XCBuildConfiguration section */
		C2104A5D1A595B16001ACE90 /* Debug */ = {
			isa = XCBuildConfiguration;
			buildSettings = {
				ALWAYS_SEARCH_USER_PATHS = NO;
				CLANG_CXX_LANGUAGE_STANDARD = "gnu++0x";
				CLANG_CXX_LIBRARY = "libc++";
				CLANG_ENABLE_MODULES = YES;
				CLANG_ENABLE_OBJC_ARC = YES;
				CLANG_WARN_BOOL_CONVERSION = YES;
				CLANG_WARN_CONSTANT_CONVERSION = YES;
				CLANG_WARN_DIRECT_OBJC_ISA_USAGE = YES_ERROR;
				CLANG_WARN_EMPTY_BODY = YES;
				CLANG_WARN_ENUM_CONVERSION = YES;
				CLANG_WARN_INT_CONVERSION = YES;
				CLANG_WARN_OBJC_ROOT_CLASS = YES_ERROR;
				CLANG_WARN_UNREACHABLE_CODE = YES;
				CLANG_WARN__DUPLICATE_METHOD_MATCH = YES;
				"CODE_SIGN_IDENTITY[sdk=iphoneos*]" = "iPhone Developer";
				COPY_PHASE_STRIP = NO;
				ENABLE_STRICT_OBJC_MSGSEND = YES;
				GCC_C_LANGUAGE_STANDARD = gnu99;
				GCC_DYNAMIC_NO_PIC = NO;
				GCC_OPTIMIZATION_LEVEL = 0;
				GCC_PREPROCESSOR_DEFINITIONS = (
					"DEBUG=1",
					"$(inherited)",
				);
				GCC_SYMBOLS_PRIVATE_EXTERN = NO;
				GCC_WARN_64_TO_32_BIT_CONVERSION = YES;
				GCC_WARN_ABOUT_RETURN_TYPE = YES_ERROR;
				GCC_WARN_UNDECLARED_SELECTOR = YES;
				GCC_WARN_UNINITIALIZED_AUTOS = YES_AGGRESSIVE;
				GCC_WARN_UNUSED_FUNCTION = YES;
				GCC_WARN_UNUSED_VARIABLE = YES;
				IPHONEOS_DEPLOYMENT_TARGET = 8.1;
				MTL_ENABLE_DEBUG_INFO = YES;
				ONLY_ACTIVE_ARCH = YES;
				SDKROOT = iphoneos;
			};
			name = Debug;
		};
		C2104A5E1A595B16001ACE90 /* Release */ = {
			isa = XCBuildConfiguration;
			buildSettings = {
				ALWAYS_SEARCH_USER_PATHS = NO;
				CLANG_CXX_LANGUAGE_STANDARD = "gnu++0x";
				CLANG_CXX_LIBRARY = "libc++";
				CLANG_ENABLE_MODULES = YES;
				CLANG_ENABLE_OBJC_ARC = YES;
				CLANG_WARN_BOOL_CONVERSION = YES;
				CLANG_WARN_CONSTANT_CONVERSION = YES;
				CLANG_WARN_DIRECT_OBJC_ISA_USAGE = YES_ERROR;
				CLANG_WARN_EMPTY_BODY = YES;
				CLANG_WARN_ENUM_CONVERSION = YES;
				CLANG_WARN_INT_CONVERSION = YES;
				CLANG_WARN_OBJC_ROOT_CLASS = YES_ERROR;
				CLANG_WARN_UNREACHABLE_CODE = YES;
				CLANG_WARN__DUPLICATE_METHOD_MATCH = YES;
				"CODE_SIGN_IDENTITY[sdk=iphoneos*]" = "iPhone Developer";
				COPY_PHASE_STRIP = YES;
				ENABLE_NS_ASSERTIONS = NO;
				ENABLE_STRICT_OBJC_MSGSEND = YES;
				GCC_C_LANGUAGE_STANDARD = gnu99;
				GCC_WARN_64_TO_32_BIT_CONVERSION = YES;
				GCC_WARN_ABOUT_RETURN_TYPE = YES_ERROR;
				GCC_WARN_UNDECLARED_SELECTOR = YES;
				GCC_WARN_UNINITIALIZED_AUTOS = YES_AGGRESSIVE;
				GCC_WARN_UNUSED_FUNCTION = YES;
				GCC_WARN_UNUSED_VARIABLE = YES;
				IPHONEOS_DEPLOYMENT_TARGET = 8.1;
				MTL_ENABLE_DEBUG_INFO = NO;
				SDKROOT = iphoneos;
				VALIDATE_PRODUCT = YES;
			};
			name = Release;
		};
		C2104A601A595B16001ACE90 /* Debug */ = {
			isa = XCBuildConfiguration;
			buildSettings = {
				ASSETCATALOG_COMPILER_APPICON_NAME = AppIcon;
				INFOPLIST_FILE = Kickstart/Info.plist;
				LD_RUNPATH_SEARCH_PATHS = "$(inherited) @executable_path/Frameworks";
				PRODUCT_NAME = "$(TARGET_NAME)";
			};
			name = Debug;
		};
		C2104A611A595B16001ACE90 /* Release */ = {
			isa = XCBuildConfiguration;
			buildSettings = {
				ASSETCATALOG_COMPILER_APPICON_NAME = AppIcon;
				INFOPLIST_FILE = Kickstart/Info.plist;
				LD_RUNPATH_SEARCH_PATHS = "$(inherited) @executable_path/Frameworks";
				PRODUCT_NAME = "$(TARGET_NAME)";
			};
			name = Release;
		};
		C2104A631A595B16001ACE90 /* Debug */ = {
			isa = XCBuildConfiguration;
			buildSettings = {
				BUNDLE_LOADER = "$(TEST_HOST)";
				FRAMEWORK_SEARCH_PATHS = (
					"$(SDKROOT)/Developer/Library/Frameworks",
					"$(inherited)",
				);
				GCC_PREPROCESSOR_DEFINITIONS = (
					"DEBUG=1",
					"$(inherited)",
				);
				INFOPLIST_FILE = KickstartTests/Info.plist;
				LD_RUNPATH_SEARCH_PATHS = "$(inherited) @executable_path/Frameworks @loader_path/Frameworks";
				PRODUCT_NAME = "$(TARGET_NAME)";
				TEST_HOST = "$(BUILT_PRODUCTS_DIR)/Kickstart.app/Kickstart";
			};
			name = Debug;
		};
		C2104A641A595B16001ACE90 /* Release */ = {
			isa = XCBuildConfiguration;
			buildSettings = {
				BUNDLE_LOADER = "$(TEST_HOST)";
				FRAMEWORK_SEARCH_PATHS = (
					"$(SDKROOT)/Developer/Library/Frameworks",
					"$(inherited)",
				);
				INFOPLIST_FILE = KickstartTests/Info.plist;
				LD_RUNPATH_SEARCH_PATHS = "$(inherited) @executable_path/Frameworks @loader_path/Frameworks";
				PRODUCT_NAME = "$(TARGET_NAME)";
				TEST_HOST = "$(BUILT_PRODUCTS_DIR)/Kickstart.app/Kickstart";
			};
			name = Release;
		};
/* End XCBuildConfiguration section */

/* Begin XCConfigurationList section */
		C2104A371A595B16001ACE90 /* Build configuration list for PBXProject "Kickstart" */ = {
			isa = XCConfigurationList;
			buildConfigurations = (
				C2104A5D1A595B16001ACE90 /* Debug */,
				C2104A5E1A595B16001ACE90 /* Release */,
			);
			defaultConfigurationIsVisible = 0;
			defaultConfigurationName = Release;
		};
		C2104A5F1A595B16001ACE90 /* Build configuration list for PBXNativeTarget "Kickstart" */ = {
			isa = XCConfigurationList;
			buildConfigurations = (
				C2104A601A595B16001ACE90 /* Debug */,
				C2104A611A595B16001ACE90 /* Release */,
			);
			defaultConfigurationIsVisible = 0;
		};
		C2104A621A595B16001ACE90 /* Build configuration list for PBXNativeTarget "KickstartTests" */ = {
			isa = XCConfigurationList;
			buildConfigurations = (
				C2104A631A595B16001ACE90 /* Debug */,
				C2104A641A595B16001ACE90 /* Release */,
			);
			defaultConfigurationIsVisible = 0;
		};
/* End XCConfigurationList section */
	};
	rootObject = C2104A341A595B16001ACE90 /* Project object */;
}
